
Microsoft Visual Studio Solution File, Format Version 12.00
# Visual Studio 15
VisualStudioVersion = 15.0.27004.2008
MinimumVisualStudioVersion = 10.0.40219.1
Project("{FAE04EC0-301F-11D3-BF4B-00C04F79EFBC}") = "CSE", "CSE\CSE.csproj", "{2D6EE36F-6F2B-4D2F-85FE-3E32ED91690A}"
EndProject
Project("{FAE04EC0-301F-11D3-BF4B-00C04F79EFBC}") = "UnitTests", "UnitTests\UnitTests.csproj", "{DB80A80F-6A0A-4B3A-9D42-8B3B3AB8C1D7}"
EndProject
Project("{FAE04EC0-301F-11D3-BF4B-00C04F79EFBC}") = "Logic", "Logic\Logic.csproj", "{7BD299ED-A464-48F2-A19D-55B2220152BB}"
EndProject
Project("{FAE04EC0-301F-11D3-BF4B-00C04F79EFBC}") = "Xamarin.Android", "Xamarin\Xamarin.Android\Xamarin.Android.csproj", "{C123FCA1-4942-4F70-9454-6DDD33682581}"
EndProject
Project("{FAE04EC0-301F-11D3-BF4B-00C04F79EFBC}") = "Xamarin", "Xamarin\Xamarin\Xamarin.csproj", "{B6F51A7A-E930-4C0D-9FBC-11C80B930001}"
EndProject
Project("{FAE04EC0-301F-11D3-BF4B-00C04F79EFBC}") = "Xamarin.iOS", "Xamarin\Xamarin.iOS\Xamarin.iOS.csproj", "{985980A1-36A8-49C7-B0B5-75C09A67EA96}"
EndProject
Project("{9A19103F-16F7-4668-BE54-9A1E7A4F7556}") = "API", "API\API.csproj", "{B1F681DF-7D68-41A3-A9B9-9C6BAAD4646E}"
EndProject
Global
	GlobalSection(SolutionConfigurationPlatforms) = preSolution
		Ad-Hoc|Any CPU = Ad-Hoc|Any CPU
		Ad-Hoc|iPhone = Ad-Hoc|iPhone
		Ad-Hoc|iPhoneSimulator = Ad-Hoc|iPhoneSimulator
		AppStore|Any CPU = AppStore|Any CPU
		AppStore|iPhone = AppStore|iPhone
		AppStore|iPhoneSimulator = AppStore|iPhoneSimulator
		Debug|Any CPU = Debug|Any CPU
		Debug|iPhone = Debug|iPhone
		Debug|iPhoneSimulator = Debug|iPhoneSimulator
		Environment|Any CPU = Environment|Any CPU
		Environment|iPhone = Environment|iPhone
		Environment|iPhoneSimulator = Environment|iPhoneSimulator
		Release|Any CPU = Release|Any CPU
		Release|iPhone = Release|iPhone
		Release|iPhoneSimulator = Release|iPhoneSimulator
	EndGlobalSection
	GlobalSection(ProjectConfigurationPlatforms) = postSolution
		{2D6EE36F-6F2B-4D2F-85FE-3E32ED91690A}.Ad-Hoc|Any CPU.ActiveCfg = Release|Any CPU
		{2D6EE36F-6F2B-4D2F-85FE-3E32ED91690A}.Ad-Hoc|Any CPU.Build.0 = Release|Any CPU
		{2D6EE36F-6F2B-4D2F-85FE-3E32ED91690A}.Ad-Hoc|iPhone.ActiveCfg = Release|Any CPU
		{2D6EE36F-6F2B-4D2F-85FE-3E32ED91690A}.Ad-Hoc|iPhone.Build.0 = Release|Any CPU
		{2D6EE36F-6F2B-4D2F-85FE-3E32ED91690A}.Ad-Hoc|iPhoneSimulator.ActiveCfg = Release|Any CPU
		{2D6EE36F-6F2B-4D2F-85FE-3E32ED91690A}.Ad-Hoc|iPhoneSimulator.Build.0 = Release|Any CPU
		{2D6EE36F-6F2B-4D2F-85FE-3E32ED91690A}.AppStore|Any CPU.ActiveCfg = Release|Any CPU
		{2D6EE36F-6F2B-4D2F-85FE-3E32ED91690A}.AppStore|Any CPU.Build.0 = Release|Any CPU
		{2D6EE36F-6F2B-4D2F-85FE-3E32ED91690A}.AppStore|iPhone.ActiveCfg = Release|Any CPU
		{2D6EE36F-6F2B-4D2F-85FE-3E32ED91690A}.AppStore|iPhone.Build.0 = Release|Any CPU
		{2D6EE36F-6F2B-4D2F-85FE-3E32ED91690A}.AppStore|iPhoneSimulator.ActiveCfg = Release|Any CPU
		{2D6EE36F-6F2B-4D2F-85FE-3E32ED91690A}.AppStore|iPhoneSimulator.Build.0 = Release|Any CPU
		{2D6EE36F-6F2B-4D2F-85FE-3E32ED91690A}.Debug|Any CPU.ActiveCfg = Debug|Any CPU
		{2D6EE36F-6F2B-4D2F-85FE-3E32ED91690A}.Debug|iPhone.ActiveCfg = Debug|Any CPU
		{2D6EE36F-6F2B-4D2F-85FE-3E32ED91690A}.Debug|iPhone.Build.0 = Debug|Any CPU
		{2D6EE36F-6F2B-4D2F-85FE-3E32ED91690A}.Debug|iPhoneSimulator.ActiveCfg = Debug|Any CPU
		{2D6EE36F-6F2B-4D2F-85FE-3E32ED91690A}.Debug|iPhoneSimulator.Build.0 = Debug|Any CPU
		{2D6EE36F-6F2B-4D2F-85FE-3E32ED91690A}.Environment|Any CPU.ActiveCfg = Environment|Any CPU
		{2D6EE36F-6F2B-4D2F-85FE-3E32ED91690A}.Environment|Any CPU.Build.0 = Environment|Any CPU
		{2D6EE36F-6F2B-4D2F-85FE-3E32ED91690A}.Environment|iPhone.ActiveCfg = Environment|Any CPU
		{2D6EE36F-6F2B-4D2F-85FE-3E32ED91690A}.Environment|iPhone.Build.0 = Environment|Any CPU
		{2D6EE36F-6F2B-4D2F-85FE-3E32ED91690A}.Environment|iPhoneSimulator.ActiveCfg = Environment|Any CPU
		{2D6EE36F-6F2B-4D2F-85FE-3E32ED91690A}.Environment|iPhoneSimulator.Build.0 = Environment|Any CPU
		{2D6EE36F-6F2B-4D2F-85FE-3E32ED91690A}.Release|Any CPU.ActiveCfg = Release|Any CPU
		{2D6EE36F-6F2B-4D2F-85FE-3E32ED91690A}.Release|Any CPU.Build.0 = Release|Any CPU
		{2D6EE36F-6F2B-4D2F-85FE-3E32ED91690A}.Release|iPhone.ActiveCfg = Release|Any CPU
		{2D6EE36F-6F2B-4D2F-85FE-3E32ED91690A}.Release|iPhone.Build.0 = Release|Any CPU
		{2D6EE36F-6F2B-4D2F-85FE-3E32ED91690A}.Release|iPhoneSimulator.ActiveCfg = Release|Any CPU
		{2D6EE36F-6F2B-4D2F-85FE-3E32ED91690A}.Release|iPhoneSimulator.Build.0 = Release|Any CPU
		{DB80A80F-6A0A-4B3A-9D42-8B3B3AB8C1D7}.Ad-Hoc|Any CPU.ActiveCfg = Release|Any CPU
		{DB80A80F-6A0A-4B3A-9D42-8B3B3AB8C1D7}.Ad-Hoc|Any CPU.Build.0 = Release|Any CPU
		{DB80A80F-6A0A-4B3A-9D42-8B3B3AB8C1D7}.Ad-Hoc|iPhone.ActiveCfg = Release|Any CPU
		{DB80A80F-6A0A-4B3A-9D42-8B3B3AB8C1D7}.Ad-Hoc|iPhone.Build.0 = Release|Any CPU
		{DB80A80F-6A0A-4B3A-9D42-8B3B3AB8C1D7}.Ad-Hoc|iPhoneSimulator.ActiveCfg = Release|Any CPU
		{DB80A80F-6A0A-4B3A-9D42-8B3B3AB8C1D7}.Ad-Hoc|iPhoneSimulator.Build.0 = Release|Any CPU
		{DB80A80F-6A0A-4B3A-9D42-8B3B3AB8C1D7}.AppStore|Any CPU.ActiveCfg = Release|Any CPU
		{DB80A80F-6A0A-4B3A-9D42-8B3B3AB8C1D7}.AppStore|Any CPU.Build.0 = Release|Any CPU
		{DB80A80F-6A0A-4B3A-9D42-8B3B3AB8C1D7}.AppStore|iPhone.ActiveCfg = Release|Any CPU
		{DB80A80F-6A0A-4B3A-9D42-8B3B3AB8C1D7}.AppStore|iPhone.Build.0 = Release|Any CPU
		{DB80A80F-6A0A-4B3A-9D42-8B3B3AB8C1D7}.AppStore|iPhoneSimulator.ActiveCfg = Release|Any CPU
		{DB80A80F-6A0A-4B3A-9D42-8B3B3AB8C1D7}.AppStore|iPhoneSimulator.Build.0 = Release|Any CPU
		{DB80A80F-6A0A-4B3A-9D42-8B3B3AB8C1D7}.Debug|Any CPU.ActiveCfg = Debug|Any CPU
		{DB80A80F-6A0A-4B3A-9D42-8B3B3AB8C1D7}.Debug|iPhone.ActiveCfg = Debug|Any CPU
		{DB80A80F-6A0A-4B3A-9D42-8B3B3AB8C1D7}.Debug|iPhone.Build.0 = Debug|Any CPU
		{DB80A80F-6A0A-4B3A-9D42-8B3B3AB8C1D7}.Debug|iPhoneSimulator.ActiveCfg = Debug|Any CPU
		{DB80A80F-6A0A-4B3A-9D42-8B3B3AB8C1D7}.Debug|iPhoneSimulator.Build.0 = Debug|Any CPU
		{DB80A80F-6A0A-4B3A-9D42-8B3B3AB8C1D7}.Environment|Any CPU.ActiveCfg = Release|Any CPU
		{DB80A80F-6A0A-4B3A-9D42-8B3B3AB8C1D7}.Environment|Any CPU.Build.0 = Release|Any CPU
		{DB80A80F-6A0A-4B3A-9D42-8B3B3AB8C1D7}.Environment|iPhone.ActiveCfg = Release|Any CPU
		{DB80A80F-6A0A-4B3A-9D42-8B3B3AB8C1D7}.Environment|iPhone.Build.0 = Release|Any CPU
		{DB80A80F-6A0A-4B3A-9D42-8B3B3AB8C1D7}.Environment|iPhoneSimulator.ActiveCfg = Release|Any CPU
		{DB80A80F-6A0A-4B3A-9D42-8B3B3AB8C1D7}.Environment|iPhoneSimulator.Build.0 = Release|Any CPU
		{DB80A80F-6A0A-4B3A-9D42-8B3B3AB8C1D7}.Release|Any CPU.ActiveCfg = Release|Any CPU
		{DB80A80F-6A0A-4B3A-9D42-8B3B3AB8C1D7}.Release|Any CPU.Build.0 = Release|Any CPU
		{DB80A80F-6A0A-4B3A-9D42-8B3B3AB8C1D7}.Release|iPhone.ActiveCfg = Release|Any CPU
		{DB80A80F-6A0A-4B3A-9D42-8B3B3AB8C1D7}.Release|iPhone.Build.0 = Release|Any CPU
		{DB80A80F-6A0A-4B3A-9D42-8B3B3AB8C1D7}.Release|iPhoneSimulator.ActiveCfg = Release|Any CPU
		{DB80A80F-6A0A-4B3A-9D42-8B3B3AB8C1D7}.Release|iPhoneSimulator.Build.0 = Release|Any CPU
		{7BD299ED-A464-48F2-A19D-55B2220152BB}.Ad-Hoc|Any CPU.ActiveCfg = Release|Any CPU
		{7BD299ED-A464-48F2-A19D-55B2220152BB}.Ad-Hoc|Any CPU.Build.0 = Release|Any CPU
		{7BD299ED-A464-48F2-A19D-55B2220152BB}.Ad-Hoc|iPhone.ActiveCfg = Release|Any CPU
		{7BD299ED-A464-48F2-A19D-55B2220152BB}.Ad-Hoc|iPhone.Build.0 = Release|Any CPU
		{7BD299ED-A464-48F2-A19D-55B2220152BB}.Ad-Hoc|iPhoneSimulator.ActiveCfg = Release|Any CPU
		{7BD299ED-A464-48F2-A19D-55B2220152BB}.Ad-Hoc|iPhoneSimulator.Build.0 = Release|Any CPU
		{7BD299ED-A464-48F2-A19D-55B2220152BB}.AppStore|Any CPU.ActiveCfg = Release|Any CPU
		{7BD299ED-A464-48F2-A19D-55B2220152BB}.AppStore|Any CPU.Build.0 = Release|Any CPU
		{7BD299ED-A464-48F2-A19D-55B2220152BB}.AppStore|iPhone.ActiveCfg = Release|Any CPU
		{7BD299ED-A464-48F2-A19D-55B2220152BB}.AppStore|iPhone.Build.0 = Release|Any CPU
		{7BD299ED-A464-48F2-A19D-55B2220152BB}.AppStore|iPhoneSimulator.ActiveCfg = Release|Any CPU
		{7BD299ED-A464-48F2-A19D-55B2220152BB}.AppStore|iPhoneSimulator.Build.0 = Release|Any CPU
		{7BD299ED-A464-48F2-A19D-55B2220152BB}.Debug|Any CPU.ActiveCfg = Debug|Any CPU
		{7BD299ED-A464-48F2-A19D-55B2220152BB}.Debug|Any CPU.Build.0 = Debug|Any CPU
		{7BD299ED-A464-48F2-A19D-55B2220152BB}.Debug|iPhone.ActiveCfg = Debug|Any CPU
		{7BD299ED-A464-48F2-A19D-55B2220152BB}.Debug|iPhone.Build.0 = Debug|Any CPU
		{7BD299ED-A464-48F2-A19D-55B2220152BB}.Debug|iPhoneSimulator.ActiveCfg = Debug|Any CPU
		{7BD299ED-A464-48F2-A19D-55B2220152BB}.Debug|iPhoneSimulator.Build.0 = Debug|Any CPU
		{7BD299ED-A464-48F2-A19D-55B2220152BB}.Environment|Any CPU.ActiveCfg = Release|Any CPU
		{7BD299ED-A464-48F2-A19D-55B2220152BB}.Environment|Any CPU.Build.0 = Release|Any CPU
		{7BD299ED-A464-48F2-A19D-55B2220152BB}.Environment|iPhone.ActiveCfg = Release|Any CPU
		{7BD299ED-A464-48F2-A19D-55B2220152BB}.Environment|iPhone.Build.0 = Release|Any CPU
		{7BD299ED-A464-48F2-A19D-55B2220152BB}.Environment|iPhoneSimulator.ActiveCfg = Release|Any CPU
		{7BD299ED-A464-48F2-A19D-55B2220152BB}.Environment|iPhoneSimulator.Build.0 = Release|Any CPU
		{7BD299ED-A464-48F2-A19D-55B2220152BB}.Release|Any CPU.ActiveCfg = Release|Any CPU
		{7BD299ED-A464-48F2-A19D-55B2220152BB}.Release|Any CPU.Build.0 = Release|Any CPU
		{7BD299ED-A464-48F2-A19D-55B2220152BB}.Release|iPhone.ActiveCfg = Release|Any CPU
		{7BD299ED-A464-48F2-A19D-55B2220152BB}.Release|iPhone.Build.0 = Release|Any CPU
		{7BD299ED-A464-48F2-A19D-55B2220152BB}.Release|iPhoneSimulator.ActiveCfg = Release|Any CPU
		{7BD299ED-A464-48F2-A19D-55B2220152BB}.Release|iPhoneSimulator.Build.0 = Release|Any CPU
		{C123FCA1-4942-4F70-9454-6DDD33682581}.Ad-Hoc|Any CPU.ActiveCfg = Release|Any CPU
		{C123FCA1-4942-4F70-9454-6DDD33682581}.Ad-Hoc|Any CPU.Build.0 = Release|Any CPU
		{C123FCA1-4942-4F70-9454-6DDD33682581}.Ad-Hoc|Any CPU.Deploy.0 = Release|Any CPU
		{C123FCA1-4942-4F70-9454-6DDD33682581}.Ad-Hoc|iPhone.ActiveCfg = Release|Any CPU
		{C123FCA1-4942-4F70-9454-6DDD33682581}.Ad-Hoc|iPhone.Build.0 = Release|Any CPU
		{C123FCA1-4942-4F70-9454-6DDD33682581}.Ad-Hoc|iPhone.Deploy.0 = Release|Any CPU
		{C123FCA1-4942-4F70-9454-6DDD33682581}.Ad-Hoc|iPhoneSimulator.ActiveCfg = Release|Any CPU
		{C123FCA1-4942-4F70-9454-6DDD33682581}.Ad-Hoc|iPhoneSimulator.Build.0 = Release|Any CPU
		{C123FCA1-4942-4F70-9454-6DDD33682581}.Ad-Hoc|iPhoneSimulator.Deploy.0 = Release|Any CPU
		{C123FCA1-4942-4F70-9454-6DDD33682581}.AppStore|Any CPU.ActiveCfg = Release|Any CPU
		{C123FCA1-4942-4F70-9454-6DDD33682581}.AppStore|Any CPU.Build.0 = Release|Any CPU
		{C123FCA1-4942-4F70-9454-6DDD33682581}.AppStore|Any CPU.Deploy.0 = Release|Any CPU
		{C123FCA1-4942-4F70-9454-6DDD33682581}.AppStore|iPhone.ActiveCfg = Release|Any CPU
		{C123FCA1-4942-4F70-9454-6DDD33682581}.AppStore|iPhone.Build.0 = Release|Any CPU
		{C123FCA1-4942-4F70-9454-6DDD33682581}.AppStore|iPhone.Deploy.0 = Release|Any CPU
		{C123FCA1-4942-4F70-9454-6DDD33682581}.AppStore|iPhoneSimulator.ActiveCfg = Release|Any CPU
		{C123FCA1-4942-4F70-9454-6DDD33682581}.AppStore|iPhoneSimulator.Build.0 = Release|Any CPU
		{C123FCA1-4942-4F70-9454-6DDD33682581}.AppStore|iPhoneSimulator.Deploy.0 = Release|Any CPU
		{C123FCA1-4942-4F70-9454-6DDD33682581}.Debug|Any CPU.ActiveCfg = Debug|Any CPU
		{C123FCA1-4942-4F70-9454-6DDD33682581}.Debug|iPhone.ActiveCfg = Debug|Any CPU
		{C123FCA1-4942-4F70-9454-6DDD33682581}.Debug|iPhone.Build.0 = Debug|Any CPU
		{C123FCA1-4942-4F70-9454-6DDD33682581}.Debug|iPhone.Deploy.0 = Debug|Any CPU
		{C123FCA1-4942-4F70-9454-6DDD33682581}.Debug|iPhoneSimulator.ActiveCfg = Debug|Any CPU
		{C123FCA1-4942-4F70-9454-6DDD33682581}.Debug|iPhoneSimulator.Build.0 = Debug|Any CPU
		{C123FCA1-4942-4F70-9454-6DDD33682581}.Debug|iPhoneSimulator.Deploy.0 = Debug|Any CPU
		{C123FCA1-4942-4F70-9454-6DDD33682581}.Environment|Any CPU.ActiveCfg = Release|Any CPU
		{C123FCA1-4942-4F70-9454-6DDD33682581}.Environment|Any CPU.Build.0 = Release|Any CPU
		{C123FCA1-4942-4F70-9454-6DDD33682581}.Environment|Any CPU.Deploy.0 = Release|Any CPU
		{C123FCA1-4942-4F70-9454-6DDD33682581}.Environment|iPhone.ActiveCfg = Release|Any CPU
		{C123FCA1-4942-4F70-9454-6DDD33682581}.Environment|iPhone.Build.0 = Release|Any CPU
		{C123FCA1-4942-4F70-9454-6DDD33682581}.Environment|iPhone.Deploy.0 = Release|Any CPU
		{C123FCA1-4942-4F70-9454-6DDD33682581}.Environment|iPhoneSimulator.ActiveCfg = Release|Any CPU
		{C123FCA1-4942-4F70-9454-6DDD33682581}.Environment|iPhoneSimulator.Build.0 = Release|Any CPU
		{C123FCA1-4942-4F70-9454-6DDD33682581}.Environment|iPhoneSimulator.Deploy.0 = Release|Any CPU
		{C123FCA1-4942-4F70-9454-6DDD33682581}.Release|Any CPU.ActiveCfg = Release|Any CPU
		{C123FCA1-4942-4F70-9454-6DDD33682581}.Release|Any CPU.Build.0 = Release|Any CPU
		{C123FCA1-4942-4F70-9454-6DDD33682581}.Release|Any CPU.Deploy.0 = Release|Any CPU
		{C123FCA1-4942-4F70-9454-6DDD33682581}.Release|iPhone.ActiveCfg = Release|Any CPU
		{C123FCA1-4942-4F70-9454-6DDD33682581}.Release|iPhone.Build.0 = Release|Any CPU
		{C123FCA1-4942-4F70-9454-6DDD33682581}.Release|iPhone.Deploy.0 = Release|Any CPU
		{C123FCA1-4942-4F70-9454-6DDD33682581}.Release|iPhoneSimulator.ActiveCfg = Release|Any CPU
		{C123FCA1-4942-4F70-9454-6DDD33682581}.Release|iPhoneSimulator.Build.0 = Release|Any CPU
		{C123FCA1-4942-4F70-9454-6DDD33682581}.Release|iPhoneSimulator.Deploy.0 = Release|Any CPU
		{B6F51A7A-E930-4C0D-9FBC-11C80B930001}.Ad-Hoc|Any CPU.ActiveCfg = Release|Any CPU
		{B6F51A7A-E930-4C0D-9FBC-11C80B930001}.Ad-Hoc|Any CPU.Build.0 = Release|Any CPU
		{B6F51A7A-E930-4C0D-9FBC-11C80B930001}.Ad-Hoc|iPhone.ActiveCfg = Release|Any CPU
		{B6F51A7A-E930-4C0D-9FBC-11C80B930001}.Ad-Hoc|iPhone.Build.0 = Release|Any CPU
		{B6F51A7A-E930-4C0D-9FBC-11C80B930001}.Ad-Hoc|iPhoneSimulator.ActiveCfg = Release|Any CPU
		{B6F51A7A-E930-4C0D-9FBC-11C80B930001}.Ad-Hoc|iPhoneSimulator.Build.0 = Release|Any CPU
		{B6F51A7A-E930-4C0D-9FBC-11C80B930001}.AppStore|Any CPU.ActiveCfg = Release|Any CPU
		{B6F51A7A-E930-4C0D-9FBC-11C80B930001}.AppStore|Any CPU.Build.0 = Release|Any CPU
		{B6F51A7A-E930-4C0D-9FBC-11C80B930001}.AppStore|iPhone.ActiveCfg = Release|Any CPU
		{B6F51A7A-E930-4C0D-9FBC-11C80B930001}.AppStore|iPhone.Build.0 = Release|Any CPU
		{B6F51A7A-E930-4C0D-9FBC-11C80B930001}.AppStore|iPhoneSimulator.ActiveCfg = Release|Any CPU
		{B6F51A7A-E930-4C0D-9FBC-11C80B930001}.AppStore|iPhoneSimulator.Build.0 = Release|Any CPU
		{B6F51A7A-E930-4C0D-9FBC-11C80B930001}.Debug|Any CPU.ActiveCfg = Debug|Any CPU
		{B6F51A7A-E930-4C0D-9FBC-11C80B930001}.Debug|iPhone.ActiveCfg = Debug|Any CPU
		{B6F51A7A-E930-4C0D-9FBC-11C80B930001}.Debug|iPhone.Build.0 = Debug|Any CPU
		{B6F51A7A-E930-4C0D-9FBC-11C80B930001}.Debug|iPhoneSimulator.ActiveCfg = Debug|Any CPU
		{B6F51A7A-E930-4C0D-9FBC-11C80B930001}.Debug|iPhoneSimulator.Build.0 = Debug|Any CPU
		{B6F51A7A-E930-4C0D-9FBC-11C80B930001}.Environment|Any CPU.ActiveCfg = Release|Any CPU
		{B6F51A7A-E930-4C0D-9FBC-11C80B930001}.Environment|Any CPU.Build.0 = Release|Any CPU
		{B6F51A7A-E930-4C0D-9FBC-11C80B930001}.Environment|iPhone.ActiveCfg = Release|Any CPU
		{B6F51A7A-E930-4C0D-9FBC-11C80B930001}.Environment|iPhone.Build.0 = Release|Any CPU
		{B6F51A7A-E930-4C0D-9FBC-11C80B930001}.Environment|iPhoneSimulator.ActiveCfg = Release|Any CPU
		{B6F51A7A-E930-4C0D-9FBC-11C80B930001}.Environment|iPhoneSimulator.Build.0 = Release|Any CPU
		{B6F51A7A-E930-4C0D-9FBC-11C80B930001}.Release|Any CPU.ActiveCfg = Release|Any CPU
		{B6F51A7A-E930-4C0D-9FBC-11C80B930001}.Release|Any CPU.Build.0 = Release|Any CPU
		{B6F51A7A-E930-4C0D-9FBC-11C80B930001}.Release|iPhone.ActiveCfg = Release|Any CPU
		{B6F51A7A-E930-4C0D-9FBC-11C80B930001}.Release|iPhone.Build.0 = Release|Any CPU
		{B6F51A7A-E930-4C0D-9FBC-11C80B930001}.Release|iPhoneSimulator.ActiveCfg = Release|Any CPU
		{B6F51A7A-E930-4C0D-9FBC-11C80B930001}.Release|iPhoneSimulator.Build.0 = Release|Any CPU
		{985980A1-36A8-49C7-B0B5-75C09A67EA96}.Ad-Hoc|Any CPU.ActiveCfg = Ad-Hoc|iPhoneSimulator
		{985980A1-36A8-49C7-B0B5-75C09A67EA96}.Ad-Hoc|iPhone.ActiveCfg = Ad-Hoc|iPhone
		{985980A1-36A8-49C7-B0B5-75C09A67EA96}.Ad-Hoc|iPhone.Build.0 = Ad-Hoc|iPhone
		{985980A1-36A8-49C7-B0B5-75C09A67EA96}.Ad-Hoc|iPhoneSimulator.ActiveCfg = Ad-Hoc|iPhoneSimulator
		{985980A1-36A8-49C7-B0B5-75C09A67EA96}.Ad-Hoc|iPhoneSimulator.Build.0 = Ad-Hoc|iPhoneSimulator
		{985980A1-36A8-49C7-B0B5-75C09A67EA96}.AppStore|Any CPU.ActiveCfg = AppStore|iPhoneSimulator
		{985980A1-36A8-49C7-B0B5-75C09A67EA96}.AppStore|iPhone.ActiveCfg = AppStore|iPhone
		{985980A1-36A8-49C7-B0B5-75C09A67EA96}.AppStore|iPhone.Build.0 = AppStore|iPhone
		{985980A1-36A8-49C7-B0B5-75C09A67EA96}.AppStore|iPhoneSimulator.ActiveCfg = AppStore|iPhoneSimulator
		{985980A1-36A8-49C7-B0B5-75C09A67EA96}.AppStore|iPhoneSimulator.Build.0 = AppStore|iPhoneSimulator
		{985980A1-36A8-49C7-B0B5-75C09A67EA96}.Debug|Any CPU.ActiveCfg = Debug|iPhoneSimulator
		{985980A1-36A8-49C7-B0B5-75C09A67EA96}.Debug|iPhone.ActiveCfg = Debug|iPhone
		{985980A1-36A8-49C7-B0B5-75C09A67EA96}.Debug|iPhone.Build.0 = Debug|iPhone
		{985980A1-36A8-49C7-B0B5-75C09A67EA96}.Debug|iPhoneSimulator.ActiveCfg = Debug|iPhoneSimulator
		{985980A1-36A8-49C7-B0B5-75C09A67EA96}.Debug|iPhoneSimulator.Build.0 = Debug|iPhoneSimulator
		{985980A1-36A8-49C7-B0B5-75C09A67EA96}.Environment|Any CPU.ActiveCfg = AppStore|iPhoneSimulator
		{985980A1-36A8-49C7-B0B5-75C09A67EA96}.Environment|Any CPU.Build.0 = AppStore|iPhoneSimulator
		{985980A1-36A8-49C7-B0B5-75C09A67EA96}.Environment|iPhone.ActiveCfg = AppStore|iPhone
		{985980A1-36A8-49C7-B0B5-75C09A67EA96}.Environment|iPhone.Build.0 = AppStore|iPhone
		{985980A1-36A8-49C7-B0B5-75C09A67EA96}.Environment|iPhoneSimulator.ActiveCfg = AppStore|iPhoneSimulator
		{985980A1-36A8-49C7-B0B5-75C09A67EA96}.Environment|iPhoneSimulator.Build.0 = AppStore|iPhoneSimulator
		{985980A1-36A8-49C7-B0B5-75C09A67EA96}.Release|Any CPU.ActiveCfg = Release|iPhoneSimulator
		{985980A1-36A8-49C7-B0B5-75C09A67EA96}.Release|iPhone.ActiveCfg = Release|iPhone
		{985980A1-36A8-49C7-B0B5-75C09A67EA96}.Release|iPhone.Build.0 = Release|iPhone
		{985980A1-36A8-49C7-B0B5-75C09A67EA96}.Release|iPhoneSimulator.ActiveCfg = Release|iPhoneSimulator
		{985980A1-36A8-49C7-B0B5-75C09A67EA96}.Release|iPhoneSimulator.Build.0 = Release|iPhoneSimulator
		{B1F681DF-7D68-41A3-A9B9-9C6BAAD4646E}.Ad-Hoc|Any CPU.ActiveCfg = Debug|Any CPU
		{B1F681DF-7D68-41A3-A9B9-9C6BAAD4646E}.Ad-Hoc|Any CPU.Build.0 = Debug|Any CPU
		{B1F681DF-7D68-41A3-A9B9-9C6BAAD4646E}.Ad-Hoc|iPhone.ActiveCfg = Debug|Any CPU
		{B1F681DF-7D68-41A3-A9B9-9C6BAAD4646E}.Ad-Hoc|iPhone.Build.0 = Debug|Any CPU
		{B1F681DF-7D68-41A3-A9B9-9C6BAAD4646E}.Ad-Hoc|iPhoneSimulator.ActiveCfg = Debug|Any CPU
		{B1F681DF-7D68-41A3-A9B9-9C6BAAD4646E}.Ad-Hoc|iPhoneSimulator.Build.0 = Debug|Any CPU
		{B1F681DF-7D68-41A3-A9B9-9C6BAAD4646E}.AppStore|Any CPU.ActiveCfg = Debug|Any CPU
		{B1F681DF-7D68-41A3-A9B9-9C6BAAD4646E}.AppStore|Any CPU.Build.0 = Debug|Any CPU
		{B1F681DF-7D68-41A3-A9B9-9C6BAAD4646E}.AppStore|iPhone.ActiveCfg = Debug|Any CPU
		{B1F681DF-7D68-41A3-A9B9-9C6BAAD4646E}.AppStore|iPhone.Build.0 = Debug|Any CPU
		{B1F681DF-7D68-41A3-A9B9-9C6BAAD4646E}.AppStore|iPhoneSimulator.ActiveCfg = Debug|Any CPU
		{B1F681DF-7D68-41A3-A9B9-9C6BAAD4646E}.AppStore|iPhoneSimulator.Build.0 = Debug|Any CPU
		{B1F681DF-7D68-41A3-A9B9-9C6BAAD4646E}.Debug|Any CPU.ActiveCfg = Debug|Any CPU
		{B1F681DF-7D68-41A3-A9B9-9C6BAAD4646E}.Debug|Any CPU.Build.0 = Debug|Any CPU
		{B1F681DF-7D68-41A3-A9B9-9C6BAAD4646E}.Debug|iPhone.ActiveCfg = Debug|Any CPU
		{B1F681DF-7D68-41A3-A9B9-9C6BAAD4646E}.Debug|iPhone.Build.0 = Debug|Any CPU
		{B1F681DF-7D68-41A3-A9B9-9C6BAAD4646E}.Debug|iPhoneSimulator.ActiveCfg = Debug|Any CPU
		{B1F681DF-7D68-41A3-A9B9-9C6BAAD4646E}.Debug|iPhoneSimulator.Build.0 = Debug|Any CPU
		{B1F681DF-7D68-41A3-A9B9-9C6BAAD4646E}.Environment|Any CPU.ActiveCfg = Debug|Any CPU
		{B1F681DF-7D68-41A3-A9B9-9C6BAAD4646E}.Environment|Any CPU.Build.0 = Debug|Any CPU
		{B1F681DF-7D68-41A3-A9B9-9C6BAAD4646E}.Environment|iPhone.ActiveCfg = Debug|Any CPU
		{B1F681DF-7D68-41A3-A9B9-9C6BAAD4646E}.Environment|iPhone.Build.0 = Debug|Any CPU
		{B1F681DF-7D68-41A3-A9B9-9C6BAAD4646E}.Environment|iPhoneSimulator.ActiveCfg = Debug|Any CPU
		{B1F681DF-7D68-41A3-A9B9-9C6BAAD4646E}.Environment|iPhoneSimulator.Build.0 = Debug|Any CPU
		{B1F681DF-7D68-41A3-A9B9-9C6BAAD4646E}.Release|Any CPU.ActiveCfg = Release|Any CPU
		{B1F681DF-7D68-41A3-A9B9-9C6BAAD4646E}.Release|Any CPU.Build.0 = Release|Any CPU
		{B1F681DF-7D68-41A3-A9B9-9C6BAAD4646E}.Release|iPhone.ActiveCfg = Release|Any CPU
		{B1F681DF-7D68-41A3-A9B9-9C6BAAD4646E}.Release|iPhone.Build.0 = Release|Any CPU
		{B1F681DF-7D68-41A3-A9B9-9C6BAAD4646E}.Release|iPhoneSimulator.ActiveCfg = Release|Any CPU
		{B1F681DF-7D68-41A3-A9B9-9C6BAAD4646E}.Release|iPhoneSimulator.Build.0 = Release|Any CPU
	EndGlobalSection
	GlobalSection(SolutionProperties) = preSolution
		HideSolutionNode = FALSE
	EndGlobalSection
	GlobalSection(ExtensibilityGlobals) = postSolution
		SolutionGuid = {C61026F0-27B4-45FC-9E83-7183069F4E54}
	EndGlobalSection
EndGlobal
